
Microsoft Visual Studio Solution File, Format Version 12.00
# Visual Studio Version 17
VisualStudioVersion = 17.12.35527.113 d17.12
MinimumVisualStudioVersion = 10.0.40219.1
Project("{FAE04EC0-301F-11D3-BF4B-00C04F79EFBC}") = "MauiAppTempoSQLite", "MauiAppTempoSQLite.csproj", "{632C3571-96E5-4A61-B88B-74556D6D984D}"
EndProject
Global
	GlobalSection(SolutionConfigurationPlatforms) = preSolution
		Debug|Any CPU = Debug|Any CPU
		Release|Any CPU = Release|Any CPU
	EndGlobalSection
	GlobalSection(ProjectConfigurationPlatforms) = postSolution
		{632C3571-96E5-4A61-B88B-74556D6D984D}.Debug|Any CPU.ActiveCfg = Debug|Any CPU
		{632C3571-96E5-4A61-B88B-74556D6D984D}.Debug|Any CPU.Build.0 = Debug|Any CPU
		{632C3571-96E5-4A61-B88B-74556D6D984D}.Release|Any CPU.ActiveCfg = Release|Any CPU
		{632C3571-96E5-4A61-B88B-74556D6D984D}.Release|Any CPU.Build.0 = Release|Any CPU
	EndGlobalSection
	GlobalSection(SolutionProperties) = preSolution
		HideSolutionNode = FALSE
	EndGlobalSection
EndGlobal
